
Microsoft Visual Studio Solution File, Format Version 12.00
# Visual Studio Version 16
VisualStudioVersion = 16.0.29123.88
MinimumVisualStudioVersion = 10.0.40219.1
Project("{FAE04EC0-301F-11D3-BF4B-00C04F79EFBC}") = "smallwordchecker", "smallwordchecker.csproj", "{228E6825-AC35-417D-9B5B-5ED555A5B530}"
EndProject
Global
	GlobalSection(SolutionConfigurationPlatforms) = preSolution
		Debug|Any CPU = Debug|Any CPU
		Release|Any CPU = Release|Any CPU
	EndGlobalSection
	GlobalSection(ProjectConfigurationPlatforms) = postSolution
		{228E6825-AC35-417D-9B5B-5ED555A5B530}.Debug|Any CPU.ActiveCfg = Debug|Any CPU
		{228E6825-AC35-417D-9B5B-5ED555A5B530}.Debug|Any CPU.Build.0 = Debug|Any CPU
		{228E6825-AC35-417D-9B5B-5ED555A5B530}.Release|Any CPU.ActiveCfg = Release|Any CPU
		{228E6825-AC35-417D-9B5B-5ED555A5B530}.Release|Any CPU.Build.0 = Release|Any CPU
	EndGlobalSection
	GlobalSection(SolutionProperties) = preSolution
		HideSolutionNode = FALSE
	EndGlobalSection
	GlobalSection(ExtensibilityGlobals) = postSolution
		SolutionGuid = {A0D82847-4A86-44ED-A201-5DD67EB499D3}
	EndGlobalSection
EndGlobal
